
Microsoft Visual Studio Solution File, Format Version 12.00
# Visual Studio Version 17
VisualStudioVersion = 17.12.35527.113
MinimumVisualStudioVersion = 10.0.40219.1
Project("{2150E333-8FDC-42A3-9474-1A3956D46DE8}") = "Solution Items", "Solution Items", "{3C332C14-A788-4F2A-95E3-B8B105EEEFD1}"
	ProjectSection(SolutionItems) = preProject
		.editorconfig = .editorconfig
		.gitignore = .gitignore
		Directory.Build.props = Directory.Build.props
		LICENSE = LICENSE
	EndProjectSection
EndProject
Project("{2150E333-8FDC-42A3-9474-1A3956D46DE8}") = "building-blocks", "building-blocks", "{E5C52010-2617-4E20-A3A1-C91D6387D7AF}"
EndProject
Project("{FAE04EC0-301F-11D3-BF4B-00C04F79EFBC}") = "BuildingBlocks.Domain", "building-blocks\BuildingBlocks.Domain\BuildingBlocks.Domain.csproj", "{8149BEDA-60C1-4431-9DCA-6B8BEF2257A8}"
EndProject
Project("{FAE04EC0-301F-11D3-BF4B-00C04F79EFBC}") = "BuildingBlocks.Infrastructure", "building-blocks\BuildingBlocks.Infrastructure\BuildingBlocks.Infrastructure\BuildingBlocks.Infrastructure.csproj", "{B4E700E7-2A15-49BA-8D8E-3972E9AF8D05}"
EndProject
Project("{2150E333-8FDC-42A3-9474-1A3956D46DE8}") = "modules", "modules", "{15CA1CD5-F3FB-4DFB-868D-0AE704AFFB18}"
EndProject
Project("{2150E333-8FDC-42A3-9474-1A3956D46DE8}") = "Identity", "Identity", "{F3B2F1ED-3E50-4F7A-BD55-A83C0C1D5FCC}"
EndProject
Project("{FAE04EC0-301F-11D3-BF4B-00C04F79EFBC}") = "Identity.Domain", "modules\Identity\Identity.Domain\Identity.Domain\Identity.Domain.csproj", "{1DFD15BB-D37D-4B9B-BFE5-8F89D18A32BE}"
EndProject
Project("{2150E333-8FDC-42A3-9474-1A3956D46DE8}") = "homes", "homes", "{D2C842B7-F5BF-4FC9-A507-CBB14F60C81C}"
EndProject
Project("{FAE04EC0-301F-11D3-BF4B-00C04F79EFBC}") = "Homes.Domain", "modules\Homes\Homes.Domain\Homes.Domain\Homes.Domain.csproj", "{CF3D321C-E5AF-4A6F-A03B-8F17F32BDD6B}"
EndProject
Global
	GlobalSection(SolutionConfigurationPlatforms) = preSolution
		Debug|Any CPU = Debug|Any CPU
		Release|Any CPU = Release|Any CPU
	EndGlobalSection
	GlobalSection(ProjectConfigurationPlatforms) = postSolution
		{8149BEDA-60C1-4431-9DCA-6B8BEF2257A8}.Debug|Any CPU.ActiveCfg = Debug|Any CPU
		{8149BEDA-60C1-4431-9DCA-6B8BEF2257A8}.Debug|Any CPU.Build.0 = Debug|Any CPU
		{8149BEDA-60C1-4431-9DCA-6B8BEF2257A8}.Release|Any CPU.ActiveCfg = Release|Any CPU
		{8149BEDA-60C1-4431-9DCA-6B8BEF2257A8}.Release|Any CPU.Build.0 = Release|Any CPU
		{B4E700E7-2A15-49BA-8D8E-3972E9AF8D05}.Debug|Any CPU.ActiveCfg = Debug|Any CPU
		{B4E700E7-2A15-49BA-8D8E-3972E9AF8D05}.Debug|Any CPU.Build.0 = Debug|Any CPU
		{B4E700E7-2A15-49BA-8D8E-3972E9AF8D05}.Release|Any CPU.ActiveCfg = Release|Any CPU
		{B4E700E7-2A15-49BA-8D8E-3972E9AF8D05}.Release|Any CPU.Build.0 = Release|Any CPU
		{1DFD15BB-D37D-4B9B-BFE5-8F89D18A32BE}.Debug|Any CPU.ActiveCfg = Debug|Any CPU
		{1DFD15BB-D37D-4B9B-BFE5-8F89D18A32BE}.Debug|Any CPU.Build.0 = Debug|Any CPU
		{1DFD15BB-D37D-4B9B-BFE5-8F89D18A32BE}.Release|Any CPU.ActiveCfg = Release|Any CPU
		{1DFD15BB-D37D-4B9B-BFE5-8F89D18A32BE}.Release|Any CPU.Build.0 = Release|Any CPU
		{CF3D321C-E5AF-4A6F-A03B-8F17F32BDD6B}.Debug|Any CPU.ActiveCfg = Debug|Any CPU
		{CF3D321C-E5AF-4A6F-A03B-8F17F32BDD6B}.Debug|Any CPU.Build.0 = Debug|Any CPU
		{CF3D321C-E5AF-4A6F-A03B-8F17F32BDD6B}.Release|Any CPU.ActiveCfg = Release|Any CPU
		{CF3D321C-E5AF-4A6F-A03B-8F17F32BDD6B}.Release|Any CPU.Build.0 = Release|Any CPU
	EndGlobalSection
	GlobalSection(SolutionProperties) = preSolution
		HideSolutionNode = FALSE
	EndGlobalSection
	GlobalSection(NestedProjects) = preSolution
		{8149BEDA-60C1-4431-9DCA-6B8BEF2257A8} = {E5C52010-2617-4E20-A3A1-C91D6387D7AF}
		{B4E700E7-2A15-49BA-8D8E-3972E9AF8D05} = {E5C52010-2617-4E20-A3A1-C91D6387D7AF}
		{F3B2F1ED-3E50-4F7A-BD55-A83C0C1D5FCC} = {15CA1CD5-F3FB-4DFB-868D-0AE704AFFB18}
		{1DFD15BB-D37D-4B9B-BFE5-8F89D18A32BE} = {F3B2F1ED-3E50-4F7A-BD55-A83C0C1D5FCC}
		{D2C842B7-F5BF-4FC9-A507-CBB14F60C81C} = {15CA1CD5-F3FB-4DFB-868D-0AE704AFFB18}
		{CF3D321C-E5AF-4A6F-A03B-8F17F32BDD6B} = {D2C842B7-F5BF-4FC9-A507-CBB14F60C81C}
	EndGlobalSection
EndGlobal
