
Microsoft Visual Studio Solution File, Format Version 12.00
# Visual Studio Version 17
VisualStudioVersion = 17.14.37314.3
MinimumVisualStudioVersion = 10.0.40219.1
Project("{2150E333-8FDC-42A3-9474-1A3956D46DE8}") = "Solution Items", "Solution Items", "{8EC462FD-D22E-90A8-E5CE-7E832BA40C5D}"
	ProjectSection(SolutionItems) = preProject
		.editorconfig = .editorconfig
		.gitignore = .gitignore
		Directory.Build.props = Directory.Build.props
		LICENSE = LICENSE
	EndProjectSection
EndProject
Project("{2150E333-8FDC-42A3-9474-1A3956D46DE8}") = "database", "database", "{D4F69BBE-1FAD-47EF-9A1D-088B8C9EDCB4}"
	ProjectSection(SolutionItems) = preProject
		database\postgresql\001_homes.sql = database\postgresql\001_homes.sql
		database\sqlserver\001_homes.sql = database\sqlserver\001_homes.sql
	EndProjectSection
EndProject
Project("{2150E333-8FDC-42A3-9474-1A3956D46DE8}") = "building-blocks", "building-blocks", "{02EA681E-C7D8-13C7-8484-4AC65E1B71E8}"
EndProject
Project("{2150E333-8FDC-42A3-9474-1A3956D46DE8}") = "BuildingBlocks.Domain", "BuildingBlocks.Domain", "{B862D875-1934-4E2F-A55B-77F5B563ABDE}"
EndProject
Project("{FAE04EC0-301F-11D3-BF4B-00C04F79EFBC}") = "BuildingBlocks.Domain", "building-blocks\BuildingBlocks.Domain\BuildingBlocks.Domain.csproj", "{81410D90-FB80-162B-FBFF-56182C1096A0}"
EndProject
Project("{2150E333-8FDC-42A3-9474-1A3956D46DE8}") = "BuildingBlocks.Infrastructure", "BuildingBlocks.Infrastructure", "{55F7E625-3B20-41CA-85DE-4A0D85B58BC6}"
EndProject
Project("{FAE04EC0-301F-11D3-BF4B-00C04F79EFBC}") = "BuildingBlocks.Infrastructure", "building-blocks\BuildingBlocks.Infrastructure\BuildingBlocks.Infrastructure.csproj", "{9EA7DE47-AFCD-AC3C-C0DF-6C8DC0AEC897}"
EndProject
Project("{2150E333-8FDC-42A3-9474-1A3956D46DE8}") = "modules", "modules", "{5F623EC0-280C-4362-AB1C-F3015258B71E}"
EndProject
Project("{2150E333-8FDC-42A3-9474-1A3956D46DE8}") = "Homes", "Homes", "{D22C0F29-8689-448A-A8FA-71F1D39244DF}"
EndProject
Project("{2150E333-8FDC-42A3-9474-1A3956D46DE8}") = "Identity", "Identity", "{80A559A6-433C-4F7B-9B3B-7268D4CC9DA4}"
EndProject
Project("{FAE04EC0-301F-11D3-BF4B-00C04F79EFBC}") = "Homes.Domain", "modules\Homes\Homes.Domain\Homes.Domain.csproj", "{A360A8C3-6932-80FF-5983-C6C65B6649BB}"
EndProject
Project("{FAE04EC0-301F-11D3-BF4B-00C04F79EFBC}") = "Identity.Domain", "modules\Identity\Identity.Domain\Identity.Domain.csproj", "{B69C036E-E1A2-3F7D-F5C4-86AD8B7BFF87}"
EndProject
Project("{FAE04EC0-301F-11D3-BF4B-00C04F79EFBC}") = "Devices.Domain", "modules\Devices\Devices.Domain\Devices.Domain.csproj", "{E48E7BF6-CD5C-4E31-95B1-AE8E7C927B76}"
EndProject
Project("{2150E333-8FDC-42A3-9474-1A3956D46DE8}") = "Devices", "Devices", "{A74711AB-8D2C-4E80-911D-36C5B917C03E}"
EndProject
Project("{FAE04EC0-301F-11D3-BF4B-00C04F79EFBC}") = "SmartLocks.Domain", "modules\Smartlocks\SmartLocks.Domain\SmartLocks.Domain.csproj", "{5634776F-28D5-44A1-B088-184424631E2F}"
EndProject
Project("{2150E333-8FDC-42A3-9474-1A3956D46DE8}") = "SmartLocks", "SmartLocks", "{1F14E210-74B6-4DFC-99D2-03885DDB582B}"
EndProject
Project("{FAE04EC0-301F-11D3-BF4B-00C04F79EFBC}") = "AuditLogs.Domain", "modules\AuditLogs\AuditLogs.Domain\AuditLogs.Domain.csproj", "{C6107B27-9A85-49D4-8C3C-3387BAAF0061}"
EndProject
Project("{2150E333-8FDC-42A3-9474-1A3956D46DE8}") = "AuditLogs", "AuditLogs", "{91A2FEFC-342A-45C8-A9A7-01A93A593A31}"
EndProject
Project("{FAE04EC0-301F-11D3-BF4B-00C04F79EFBC}") = "FaceVerification.Domain", "modules\FaceVerification\FaceVerification.Domain\FaceVerification.Domain.csproj", "{F55DCBC3-F701-41EC-885E-425E52CDF30D}"
EndProject
Project("{2150E333-8FDC-42A3-9474-1A3956D46DE8}") = "FaceVerification", "FaceVerification", "{7A9D0ADA-82C2-4E0A-B915-7584ACBDD1C9}"
EndProject
Project("{FAE04EC0-301F-11D3-BF4B-00C04F79EFBC}") = "Authorization.Domain", "modules\Authorization\Authorization.Domain\Authorization.Domain.csproj", "{1EB7A87E-0568-4608-8426-19D5D44472CF}"
EndProject
Project("{2150E333-8FDC-42A3-9474-1A3956D46DE8}") = "Authorization", "Authorization", "{71C8E0D5-D5B9-4048-BB48-7FBB88DF4BA0}"
EndProject
Project("{FAE04EC0-301F-11D3-BF4B-00C04F79EFBC}") = "ApiHost", "api-host\ApiHost\ApiHost.csproj", "{17729A7C-AAB2-4F96-9755-14AC4AD9B0FF}"
EndProject
Project("{2150E333-8FDC-42A3-9474-1A3956D46DE8}") = "api-host", "api-host", "{36EBEE89-650C-4A91-8F1E-09D2FF06FE94}"
EndProject
Project("{FAE04EC0-301F-11D3-BF4B-00C04F79EFBC}") = "Identity.Application", "modules\Identity\Identity.Application\Identity.Application\Identity.Application.csproj", "{FC930D6C-1A59-4111-A5EE-E01195C8E1A9}"
EndProject
Project("{FAE04EC0-301F-11D3-BF4B-00C04F79EFBC}") = "Identity.Infrastructure", "modules\Identity\Identity.Infrastructure\Identity.Infrastructure.csproj", "{32A814DC-DB83-4FAF-0ECC-C6F3180B2B69}"
EndProject
Project("{FAE04EC0-301F-11D3-BF4B-00C04F79EFBC}") = "Identity.Presentation", "modules\Identity\Identity.Presentation\Identity.Presentation.csproj", "{E996C11E-9B33-4B35-BB8F-B6CD586B92D7}"
EndProject
Project("{FAE04EC0-301F-11D3-BF4B-00C04F79EFBC}") = "Devices.Application", "modules\Devices\Devices.Application\Devices.Application.csproj", "{A3E8467C-0497-43BB-BFD2-77D101771361}"
EndProject
Project("{FAE04EC0-301F-11D3-BF4B-00C04F79EFBC}") = "Devices.Infrastructure", "modules\Devices\Devices.Infrastructure\Devices.Infrastructure.csproj", "{901651D0-19ED-4B1E-A572-1054F85CD2D7}"
EndProject
Project("{FAE04EC0-301F-11D3-BF4B-00C04F79EFBC}") = "Devices.Presentation", "modules\Devices\Devices.Presentation\Devices.Presentation.csproj", "{620FD58F-3881-4230-9725-92FB9AC64A12}"
EndProject
Project("{FAE04EC0-301F-11D3-BF4B-00C04F79EFBC}") = "SmartLocks.Application", "modules\Smartlocks\SmartLocks.Application\SmartLocks.Application.csproj", "{7611E04E-2B09-49C5-BBE0-DFD607716997}"
EndProject
Project("{FAE04EC0-301F-11D3-BF4B-00C04F79EFBC}") = "SmartLocks.Infrastructure", "modules\Smartlocks\SmartLocks.Infrastructure\SmartLocks.Infrastructure.csproj", "{BB4E39B5-FBF4-47D6-A83D-F52BA83C9B92}"
EndProject
Project("{FAE04EC0-301F-11D3-BF4B-00C04F79EFBC}") = "SmartLocks.Presentation", "modules\Smartlocks\SmartLocks.Presentation\SmartLocks.Presentation.csproj", "{447378A9-2FF0-4F5B-A246-F33A7D7539DE}"
EndProject
Project("{FAE04EC0-301F-11D3-BF4B-00C04F79EFBC}") = "AuditLogs.Application", "modules\AuditLogs\AuditLogs.Application\AuditLogs.Application.csproj", "{5CF8AD25-4F33-4B58-8B09-09F004065FCF}"
EndProject
Project("{FAE04EC0-301F-11D3-BF4B-00C04F79EFBC}") = "AuditLogs.Infrastructure", "modules\AuditLogs\AuditLogs.Infrastructure\AuditLogs.Infrastructure.csproj", "{18A1E423-40BF-4815-8BC8-A98C4C8F69E3}"
EndProject
Project("{FAE04EC0-301F-11D3-BF4B-00C04F79EFBC}") = "AuditLogs.Presentation", "modules\AuditLogs\AuditLogs.Presentation\AuditLogs.Presentation.csproj", "{62E7CFCC-EE5C-4033-90BE-443218E169A6}"
EndProject
Project("{2150E333-8FDC-42A3-9474-1A3956D46DE8}") = "face-service", "face-service", "{EF35FFC7-2353-4C1B-A757-45FF053D8755}"
	ProjectSection(SolutionItems) = preProject
		face-service\app.py = face-service\app.py
		face-service\Dockerfile = face-service\Dockerfile
		face-service\requirements.txt = face-service\requirements.txt
	EndProjectSection
EndProject
Project("{2150E333-8FDC-42A3-9474-1A3956D46DE8}") = "docs", "docs", "{1F0BD979-C823-4749-AF15-67C5D5FB70E5}"
	ProjectSection(SolutionItems) = preProject
		docs\build_verixora_documentation.py = docs\build_verixora_documentation.py
		docs\Verixora_Technical_Assessment_and_Product_Blueprint.docx = docs\Verixora_Technical_Assessment_and_Product_Blueprint.docx
	EndProjectSection
EndProject
Project("{2150E333-8FDC-42A3-9474-1A3956D46DE8}") = "qa", "qa", "{739547D2-8ABA-4C3D-BDB1-9EAF0B32BD5C}"
EndProject
Project("{2150E333-8FDC-42A3-9474-1A3956D46DE8}") = "infrastructure", "infrastructure", "{13DF1B71-60F8-4B19-A5AE-1C3DF5D8198D}"
	ProjectSection(SolutionItems) = preProject
		infrastructure\.env = infrastructure\.env
		infrastructure\.env.example = infrastructure\.env.example
		infrastructure\docker-compose.yml = infrastructure\docker-compose.yml
		infrastructure\README.md = infrastructure\README.md
	EndProjectSection
EndProject
Project("{2150E333-8FDC-42A3-9474-1A3956D46DE8}") = "infrastructure", "infrastructure", "{68EBA166-851A-4B49-A207-B21853C49100}"
	ProjectSection(SolutionItems) = preProject
		infrastructure\mosquitto\mosquitto.conf = infrastructure\mosquitto\mosquitto.conf
	EndProjectSection
EndProject
Project("{FAE04EC0-301F-11D3-BF4B-00C04F79EFBC}") = "Homes.Application", "modules\Homes\Homes.Application\Homes.Application.csproj", "{1A848537-3EC2-49FA-B8D1-1E4BFD28FDC0}"
EndProject
Project("{FAE04EC0-301F-11D3-BF4B-00C04F79EFBC}") = "Homes.Infrastructure", "modules\Homes\Homes.Infrastructure\Homes.Infrastructure.csproj", "{8ECC017E-1057-4EE1-8C85-95E04E1C06B6}"
EndProject
Project("{FAE04EC0-301F-11D3-BF4B-00C04F79EFBC}") = "Homes.Presentation", "modules\Homes\Homes.Presentation\Homes.Presentation.csproj", "{41594862-3AD4-4B27-99C7-F5C0913C78B5}"
EndProject
Global
	GlobalSection(SolutionConfigurationPlatforms) = preSolution
		Debug|Any CPU = Debug|Any CPU
		Debug|x64 = Debug|x64
		Debug|x86 = Debug|x86
		Release|Any CPU = Release|Any CPU
		Release|x64 = Release|x64
		Release|x86 = Release|x86
	EndGlobalSection
	GlobalSection(ProjectConfigurationPlatforms) = postSolution
		{81410D90-FB80-162B-FBFF-56182C1096A0}.Debug|Any CPU.ActiveCfg = Debug|Any CPU
		{81410D90-FB80-162B-FBFF-56182C1096A0}.Debug|Any CPU.Build.0 = Debug|Any CPU
		{81410D90-FB80-162B-FBFF-56182C1096A0}.Debug|x64.ActiveCfg = Debug|Any CPU
		{81410D90-FB80-162B-FBFF-56182C1096A0}.Debug|x64.Build.0 = Debug|Any CPU
		{81410D90-FB80-162B-FBFF-56182C1096A0}.Debug|x86.ActiveCfg = Debug|Any CPU
		{81410D90-FB80-162B-FBFF-56182C1096A0}.Debug|x86.Build.0 = Debug|Any CPU
		{81410D90-FB80-162B-FBFF-56182C1096A0}.Release|Any CPU.ActiveCfg = Release|Any CPU
		{81410D90-FB80-162B-FBFF-56182C1096A0}.Release|Any CPU.Build.0 = Release|Any CPU
		{81410D90-FB80-162B-FBFF-56182C1096A0}.Release|x64.ActiveCfg = Release|Any CPU
		{81410D90-FB80-162B-FBFF-56182C1096A0}.Release|x64.Build.0 = Release|Any CPU
		{81410D90-FB80-162B-FBFF-56182C1096A0}.Release|x86.ActiveCfg = Release|Any CPU
		{81410D90-FB80-162B-FBFF-56182C1096A0}.Release|x86.Build.0 = Release|Any CPU
		{9EA7DE47-AFCD-AC3C-C0DF-6C8DC0AEC897}.Debug|Any CPU.ActiveCfg = Debug|Any CPU
		{9EA7DE47-AFCD-AC3C-C0DF-6C8DC0AEC897}.Debug|Any CPU.Build.0 = Debug|Any CPU
		{9EA7DE47-AFCD-AC3C-C0DF-6C8DC0AEC897}.Debug|x64.ActiveCfg = Debug|Any CPU
		{9EA7DE47-AFCD-AC3C-C0DF-6C8DC0AEC897}.Debug|x64.Build.0 = Debug|Any CPU
		{9EA7DE47-AFCD-AC3C-C0DF-6C8DC0AEC897}.Debug|x86.ActiveCfg = Debug|Any CPU
		{9EA7DE47-AFCD-AC3C-C0DF-6C8DC0AEC897}.Debug|x86.Build.0 = Debug|Any CPU
		{9EA7DE47-AFCD-AC3C-C0DF-6C8DC0AEC897}.Release|Any CPU.ActiveCfg = Release|Any CPU
		{9EA7DE47-AFCD-AC3C-C0DF-6C8DC0AEC897}.Release|Any CPU.Build.0 = Release|Any CPU
		{9EA7DE47-AFCD-AC3C-C0DF-6C8DC0AEC897}.Release|x64.ActiveCfg = Release|Any CPU
		{9EA7DE47-AFCD-AC3C-C0DF-6C8DC0AEC897}.Release|x64.Build.0 = Release|Any CPU
		{9EA7DE47-AFCD-AC3C-C0DF-6C8DC0AEC897}.Release|x86.ActiveCfg = Release|Any CPU
		{9EA7DE47-AFCD-AC3C-C0DF-6C8DC0AEC897}.Release|x86.Build.0 = Release|Any CPU
		{A360A8C3-6932-80FF-5983-C6C65B6649BB}.Debug|Any CPU.ActiveCfg = Debug|Any CPU
		{A360A8C3-6932-80FF-5983-C6C65B6649BB}.Debug|Any CPU.Build.0 = Debug|Any CPU
		{A360A8C3-6932-80FF-5983-C6C65B6649BB}.Debug|x64.ActiveCfg = Debug|Any CPU
		{A360A8C3-6932-80FF-5983-C6C65B6649BB}.Debug|x64.Build.0 = Debug|Any CPU
		{A360A8C3-6932-80FF-5983-C6C65B6649BB}.Debug|x86.ActiveCfg = Debug|Any CPU
		{A360A8C3-6932-80FF-5983-C6C65B6649BB}.Debug|x86.Build.0 = Debug|Any CPU
		{A360A8C3-6932-80FF-5983-C6C65B6649BB}.Release|Any CPU.ActiveCfg = Release|Any CPU
		{A360A8C3-6932-80FF-5983-C6C65B6649BB}.Release|Any CPU.Build.0 = Release|Any CPU
		{A360A8C3-6932-80FF-5983-C6C65B6649BB}.Release|x64.ActiveCfg = Release|Any CPU
		{A360A8C3-6932-80FF-5983-C6C65B6649BB}.Release|x64.Build.0 = Release|Any CPU
		{A360A8C3-6932-80FF-5983-C6C65B6649BB}.Release|x86.ActiveCfg = Release|Any CPU
		{A360A8C3-6932-80FF-5983-C6C65B6649BB}.Release|x86.Build.0 = Release|Any CPU
		{B69C036E-E1A2-3F7D-F5C4-86AD8B7BFF87}.Debug|Any CPU.ActiveCfg = Debug|Any CPU
		{B69C036E-E1A2-3F7D-F5C4-86AD8B7BFF87}.Debug|Any CPU.Build.0 = Debug|Any CPU
		{B69C036E-E1A2-3F7D-F5C4-86AD8B7BFF87}.Debug|x64.ActiveCfg = Debug|Any CPU
		{B69C036E-E1A2-3F7D-F5C4-86AD8B7BFF87}.Debug|x64.Build.0 = Debug|Any CPU
		{B69C036E-E1A2-3F7D-F5C4-86AD8B7BFF87}.Debug|x86.ActiveCfg = Debug|Any CPU
		{B69C036E-E1A2-3F7D-F5C4-86AD8B7BFF87}.Debug|x86.Build.0 = Debug|Any CPU
		{B69C036E-E1A2-3F7D-F5C4-86AD8B7BFF87}.Release|Any CPU.ActiveCfg = Release|Any CPU
		{B69C036E-E1A2-3F7D-F5C4-86AD8B7BFF87}.Release|Any CPU.Build.0 = Release|Any CPU
		{B69C036E-E1A2-3F7D-F5C4-86AD8B7BFF87}.Release|x64.ActiveCfg = Release|Any CPU
		{B69C036E-E1A2-3F7D-F5C4-86AD8B7BFF87}.Release|x64.Build.0 = Release|Any CPU
		{B69C036E-E1A2-3F7D-F5C4-86AD8B7BFF87}.Release|x86.ActiveCfg = Release|Any CPU
		{B69C036E-E1A2-3F7D-F5C4-86AD8B7BFF87}.Release|x86.Build.0 = Release|Any CPU
		{E48E7BF6-CD5C-4E31-95B1-AE8E7C927B76}.Debug|Any CPU.ActiveCfg = Debug|Any CPU
		{E48E7BF6-CD5C-4E31-95B1-AE8E7C927B76}.Debug|Any CPU.Build.0 = Debug|Any CPU
		{E48E7BF6-CD5C-4E31-95B1-AE8E7C927B76}.Debug|x64.ActiveCfg = Debug|Any CPU
		{E48E7BF6-CD5C-4E31-95B1-AE8E7C927B76}.Debug|x64.Build.0 = Debug|Any CPU
		{E48E7BF6-CD5C-4E31-95B1-AE8E7C927B76}.Debug|x86.ActiveCfg = Debug|Any CPU
		{E48E7BF6-CD5C-4E31-95B1-AE8E7C927B76}.Debug|x86.Build.0 = Debug|Any CPU
		{E48E7BF6-CD5C-4E31-95B1-AE8E7C927B76}.Release|Any CPU.ActiveCfg = Release|Any CPU
		{E48E7BF6-CD5C-4E31-95B1-AE8E7C927B76}.Release|Any CPU.Build.0 = Release|Any CPU
		{E48E7BF6-CD5C-4E31-95B1-AE8E7C927B76}.Release|x64.ActiveCfg = Release|Any CPU
		{E48E7BF6-CD5C-4E31-95B1-AE8E7C927B76}.Release|x64.Build.0 = Release|Any CPU
		{E48E7BF6-CD5C-4E31-95B1-AE8E7C927B76}.Release|x86.ActiveCfg = Release|Any CPU
		{E48E7BF6-CD5C-4E31-95B1-AE8E7C927B76}.Release|x86.Build.0 = Release|Any CPU
		{5634776F-28D5-44A1-B088-184424631E2F}.Debug|Any CPU.ActiveCfg = Debug|Any CPU
		{5634776F-28D5-44A1-B088-184424631E2F}.Debug|Any CPU.Build.0 = Debug|Any CPU
		{5634776F-28D5-44A1-B088-184424631E2F}.Debug|x64.ActiveCfg = Debug|Any CPU
		{5634776F-28D5-44A1-B088-184424631E2F}.Debug|x64.Build.0 = Debug|Any CPU
		{5634776F-28D5-44A1-B088-184424631E2F}.Debug|x86.ActiveCfg = Debug|Any CPU
		{5634776F-28D5-44A1-B088-184424631E2F}.Debug|x86.Build.0 = Debug|Any CPU
		{5634776F-28D5-44A1-B088-184424631E2F}.Release|Any CPU.ActiveCfg = Release|Any CPU
		{5634776F-28D5-44A1-B088-184424631E2F}.Release|Any CPU.Build.0 = Release|Any CPU
		{5634776F-28D5-44A1-B088-184424631E2F}.Release|x64.ActiveCfg = Release|Any CPU
		{5634776F-28D5-44A1-B088-184424631E2F}.Release|x64.Build.0 = Release|Any CPU
		{5634776F-28D5-44A1-B088-184424631E2F}.Release|x86.ActiveCfg = Release|Any CPU
		{5634776F-28D5-44A1-B088-184424631E2F}.Release|x86.Build.0 = Release|Any CPU
		{C6107B27-9A85-49D4-8C3C-3387BAAF0061}.Debug|Any CPU.ActiveCfg = Debug|Any CPU
		{C6107B27-9A85-49D4-8C3C-3387BAAF0061}.Debug|Any CPU.Build.0 = Debug|Any CPU
		{C6107B27-9A85-49D4-8C3C-3387BAAF0061}.Debug|x64.ActiveCfg = Debug|Any CPU
		{C6107B27-9A85-49D4-8C3C-3387BAAF0061}.Debug|x64.Build.0 = Debug|Any CPU
		{C6107B27-9A85-49D4-8C3C-3387BAAF0061}.Debug|x86.ActiveCfg = Debug|Any CPU
		{C6107B27-9A85-49D4-8C3C-3387BAAF0061}.Debug|x86.Build.0 = Debug|Any CPU
		{C6107B27-9A85-49D4-8C3C-3387BAAF0061}.Release|Any CPU.ActiveCfg = Release|Any CPU
		{C6107B27-9A85-49D4-8C3C-3387BAAF0061}.Release|Any CPU.Build.0 = Release|Any CPU
		{C6107B27-9A85-49D4-8C3C-3387BAAF0061}.Release|x64.ActiveCfg = Release|Any CPU
		{C6107B27-9A85-49D4-8C3C-3387BAAF0061}.Release|x64.Build.0 = Release|Any CPU
		{C6107B27-9A85-49D4-8C3C-3387BAAF0061}.Release|x86.ActiveCfg = Release|Any CPU
		{C6107B27-9A85-49D4-8C3C-3387BAAF0061}.Release|x86.Build.0 = Release|Any CPU
		{F55DCBC3-F701-41EC-885E-425E52CDF30D}.Debug|Any CPU.ActiveCfg = Debug|Any CPU
		{F55DCBC3-F701-41EC-885E-425E52CDF30D}.Debug|Any CPU.Build.0 = Debug|Any CPU
		{F55DCBC3-F701-41EC-885E-425E52CDF30D}.Debug|x64.ActiveCfg = Debug|Any CPU
		{F55DCBC3-F701-41EC-885E-425E52CDF30D}.Debug|x64.Build.0 = Debug|Any CPU
		{F55DCBC3-F701-41EC-885E-425E52CDF30D}.Debug|x86.ActiveCfg = Debug|Any CPU
		{F55DCBC3-F701-41EC-885E-425E52CDF30D}.Debug|x86.Build.0 = Debug|Any CPU
		{F55DCBC3-F701-41EC-885E-425E52CDF30D}.Release|Any CPU.ActiveCfg = Release|Any CPU
		{F55DCBC3-F701-41EC-885E-425E52CDF30D}.Release|Any CPU.Build.0 = Release|Any CPU
		{F55DCBC3-F701-41EC-885E-425E52CDF30D}.Release|x64.ActiveCfg = Release|Any CPU
		{F55DCBC3-F701-41EC-885E-425E52CDF30D}.Release|x64.Build.0 = Release|Any CPU
		{F55DCBC3-F701-41EC-885E-425E52CDF30D}.Release|x86.ActiveCfg = Release|Any CPU
		{F55DCBC3-F701-41EC-885E-425E52CDF30D}.Release|x86.Build.0 = Release|Any CPU
		{1EB7A87E-0568-4608-8426-19D5D44472CF}.Debug|Any CPU.ActiveCfg = Debug|Any CPU
		{1EB7A87E-0568-4608-8426-19D5D44472CF}.Debug|Any CPU.Build.0 = Debug|Any CPU
		{1EB7A87E-0568-4608-8426-19D5D44472CF}.Debug|x64.ActiveCfg = Debug|Any CPU
		{1EB7A87E-0568-4608-8426-19D5D44472CF}.Debug|x64.Build.0 = Debug|Any CPU
		{1EB7A87E-0568-4608-8426-19D5D44472CF}.Debug|x86.ActiveCfg = Debug|Any CPU
		{1EB7A87E-0568-4608-8426-19D5D44472CF}.Debug|x86.Build.0 = Debug|Any CPU
		{1EB7A87E-0568-4608-8426-19D5D44472CF}.Release|Any CPU.ActiveCfg = Release|Any CPU
		{1EB7A87E-0568-4608-8426-19D5D44472CF}.Release|Any CPU.Build.0 = Release|Any CPU
		{1EB7A87E-0568-4608-8426-19D5D44472CF}.Release|x64.ActiveCfg = Release|Any CPU
		{1EB7A87E-0568-4608-8426-19D5D44472CF}.Release|x64.Build.0 = Release|Any CPU
		{1EB7A87E-0568-4608-8426-19D5D44472CF}.Release|x86.ActiveCfg = Release|Any CPU
		{1EB7A87E-0568-4608-8426-19D5D44472CF}.Release|x86.Build.0 = Release|Any CPU
		{17729A7C-AAB2-4F96-9755-14AC4AD9B0FF}.Debug|Any CPU.ActiveCfg = Debug|Any CPU
		{17729A7C-AAB2-4F96-9755-14AC4AD9B0FF}.Debug|Any CPU.Build.0 = Debug|Any CPU
		{17729A7C-AAB2-4F96-9755-14AC4AD9B0FF}.Debug|x64.ActiveCfg = Debug|Any CPU
		{17729A7C-AAB2-4F96-9755-14AC4AD9B0FF}.Debug|x64.Build.0 = Debug|Any CPU
		{17729A7C-AAB2-4F96-9755-14AC4AD9B0FF}.Debug|x86.ActiveCfg = Debug|Any CPU
		{17729A7C-AAB2-4F96-9755-14AC4AD9B0FF}.Debug|x86.Build.0 = Debug|Any CPU
		{17729A7C-AAB2-4F96-9755-14AC4AD9B0FF}.Release|Any CPU.ActiveCfg = Release|Any CPU
		{17729A7C-AAB2-4F96-9755-14AC4AD9B0FF}.Release|Any CPU.Build.0 = Release|Any CPU
		{17729A7C-AAB2-4F96-9755-14AC4AD9B0FF}.Release|x64.ActiveCfg = Release|Any CPU
		{17729A7C-AAB2-4F96-9755-14AC4AD9B0FF}.Release|x64.Build.0 = Release|Any CPU
		{17729A7C-AAB2-4F96-9755-14AC4AD9B0FF}.Release|x86.ActiveCfg = Release|Any CPU
		{17729A7C-AAB2-4F96-9755-14AC4AD9B0FF}.Release|x86.Build.0 = Release|Any CPU
		{FC930D6C-1A59-4111-A5EE-E01195C8E1A9}.Debug|Any CPU.ActiveCfg = Debug|Any CPU
		{FC930D6C-1A59-4111-A5EE-E01195C8E1A9}.Debug|Any CPU.Build.0 = Debug|Any CPU
		{FC930D6C-1A59-4111-A5EE-E01195C8E1A9}.Debug|x64.ActiveCfg = Debug|Any CPU
		{FC930D6C-1A59-4111-A5EE-E01195C8E1A9}.Debug|x64.Build.0 = Debug|Any CPU
		{FC930D6C-1A59-4111-A5EE-E01195C8E1A9}.Debug|x86.ActiveCfg = Debug|Any CPU
		{FC930D6C-1A59-4111-A5EE-E01195C8E1A9}.Debug|x86.Build.0 = Debug|Any CPU
		{FC930D6C-1A59-4111-A5EE-E01195C8E1A9}.Release|Any CPU.ActiveCfg = Release|Any CPU
		{FC930D6C-1A59-4111-A5EE-E01195C8E1A9}.Release|Any CPU.Build.0 = Release|Any CPU
		{FC930D6C-1A59-4111-A5EE-E01195C8E1A9}.Release|x64.ActiveCfg = Release|Any CPU
		{FC930D6C-1A59-4111-A5EE-E01195C8E1A9}.Release|x64.Build.0 = Release|Any CPU
		{FC930D6C-1A59-4111-A5EE-E01195C8E1A9}.Release|x86.ActiveCfg = Release|Any CPU
		{FC930D6C-1A59-4111-A5EE-E01195C8E1A9}.Release|x86.Build.0 = Release|Any CPU
		{32A814DC-DB83-4FAF-0ECC-C6F3180B2B69}.Debug|Any CPU.ActiveCfg = Debug|Any CPU
		{32A814DC-DB83-4FAF-0ECC-C6F3180B2B69}.Debug|Any CPU.Build.0 = Debug|Any CPU
		{32A814DC-DB83-4FAF-0ECC-C6F3180B2B69}.Debug|x64.ActiveCfg = Debug|Any CPU
		{32A814DC-DB83-4FAF-0ECC-C6F3180B2B69}.Debug|x64.Build.0 = Debug|Any CPU
		{32A814DC-DB83-4FAF-0ECC-C6F3180B2B69}.Debug|x86.ActiveCfg = Debug|Any CPU
		{32A814DC-DB83-4FAF-0ECC-C6F3180B2B69}.Debug|x86.Build.0 = Debug|Any CPU
		{32A814DC-DB83-4FAF-0ECC-C6F3180B2B69}.Release|Any CPU.ActiveCfg = Release|Any CPU
		{32A814DC-DB83-4FAF-0ECC-C6F3180B2B69}.Release|Any CPU.Build.0 = Release|Any CPU
		{32A814DC-DB83-4FAF-0ECC-C6F3180B2B69}.Release|x64.ActiveCfg = Release|Any CPU
		{32A814DC-DB83-4FAF-0ECC-C6F3180B2B69}.Release|x64.Build.0 = Release|Any CPU
		{32A814DC-DB83-4FAF-0ECC-C6F3180B2B69}.Release|x86.ActiveCfg = Release|Any CPU
		{32A814DC-DB83-4FAF-0ECC-C6F3180B2B69}.Release|x86.Build.0 = Release|Any CPU
		{E996C11E-9B33-4B35-BB8F-B6CD586B92D7}.Debug|Any CPU.ActiveCfg = Debug|Any CPU
		{E996C11E-9B33-4B35-BB8F-B6CD586B92D7}.Debug|Any CPU.Build.0 = Debug|Any CPU
		{E996C11E-9B33-4B35-BB8F-B6CD586B92D7}.Debug|x64.ActiveCfg = Debug|Any CPU
		{E996C11E-9B33-4B35-BB8F-B6CD586B92D7}.Debug|x64.Build.0 = Debug|Any CPU
		{E996C11E-9B33-4B35-BB8F-B6CD586B92D7}.Debug|x86.ActiveCfg = Debug|Any CPU
		{E996C11E-9B33-4B35-BB8F-B6CD586B92D7}.Debug|x86.Build.0 = Debug|Any CPU
		{E996C11E-9B33-4B35-BB8F-B6CD586B92D7}.Release|Any CPU.ActiveCfg = Release|Any CPU
		{E996C11E-9B33-4B35-BB8F-B6CD586B92D7}.Release|Any CPU.Build.0 = Release|Any CPU
		{E996C11E-9B33-4B35-BB8F-B6CD586B92D7}.Release|x64.ActiveCfg = Release|Any CPU
		{E996C11E-9B33-4B35-BB8F-B6CD586B92D7}.Release|x64.Build.0 = Release|Any CPU
		{E996C11E-9B33-4B35-BB8F-B6CD586B92D7}.Release|x86.ActiveCfg = Release|Any CPU
		{E996C11E-9B33-4B35-BB8F-B6CD586B92D7}.Release|x86.Build.0 = Release|Any CPU
		{A3E8467C-0497-43BB-BFD2-77D101771361}.Debug|Any CPU.ActiveCfg = Debug|Any CPU
		{A3E8467C-0497-43BB-BFD2-77D101771361}.Debug|Any CPU.Build.0 = Debug|Any CPU
		{A3E8467C-0497-43BB-BFD2-77D101771361}.Debug|x64.ActiveCfg = Debug|Any CPU
		{A3E8467C-0497-43BB-BFD2-77D101771361}.Debug|x64.Build.0 = Debug|Any CPU
		{A3E8467C-0497-43BB-BFD2-77D101771361}.Debug|x86.ActiveCfg = Debug|Any CPU
		{A3E8467C-0497-43BB-BFD2-77D101771361}.Debug|x86.Build.0 = Debug|Any CPU
		{A3E8467C-0497-43BB-BFD2-77D101771361}.Release|Any CPU.ActiveCfg = Release|Any CPU
		{A3E8467C-0497-43BB-BFD2-77D101771361}.Release|Any CPU.Build.0 = Release|Any CPU
		{A3E8467C-0497-43BB-BFD2-77D101771361}.Release|x64.ActiveCfg = Release|Any CPU
		{A3E8467C-0497-43BB-BFD2-77D101771361}.Release|x64.Build.0 = Release|Any CPU
		{A3E8467C-0497-43BB-BFD2-77D101771361}.Release|x86.ActiveCfg = Release|Any CPU
		{A3E8467C-0497-43BB-BFD2-77D101771361}.Release|x86.Build.0 = Release|Any CPU
		{901651D0-19ED-4B1E-A572-1054F85CD2D7}.Debug|Any CPU.ActiveCfg = Debug|Any CPU
		{901651D0-19ED-4B1E-A572-1054F85CD2D7}.Debug|Any CPU.Build.0 = Debug|Any CPU
		{901651D0-19ED-4B1E-A572-1054F85CD2D7}.Debug|x64.ActiveCfg = Debug|Any CPU
		{901651D0-19ED-4B1E-A572-1054F85CD2D7}.Debug|x64.Build.0 = Debug|Any CPU
		{901651D0-19ED-4B1E-A572-1054F85CD2D7}.Debug|x86.ActiveCfg = Debug|Any CPU
		{901651D0-19ED-4B1E-A572-1054F85CD2D7}.Debug|x86.Build.0 = Debug|Any CPU
		{901651D0-19ED-4B1E-A572-1054F85CD2D7}.Release|Any CPU.ActiveCfg = Release|Any CPU
		{901651D0-19ED-4B1E-A572-1054F85CD2D7}.Release|Any CPU.Build.0 = Release|Any CPU
		{901651D0-19ED-4B1E-A572-1054F85CD2D7}.Release|x64.ActiveCfg = Release|Any CPU
		{901651D0-19ED-4B1E-A572-1054F85CD2D7}.Release|x64.Build.0 = Release|Any CPU
		{901651D0-19ED-4B1E-A572-1054F85CD2D7}.Release|x86.ActiveCfg = Release|Any CPU
		{901651D0-19ED-4B1E-A572-1054F85CD2D7}.Release|x86.Build.0 = Release|Any CPU
		{620FD58F-3881-4230-9725-92FB9AC64A12}.Debug|Any CPU.ActiveCfg = Debug|Any CPU
		{620FD58F-3881-4230-9725-92FB9AC64A12}.Debug|Any CPU.Build.0 = Debug|Any CPU
		{620FD58F-3881-4230-9725-92FB9AC64A12}.Debug|x64.ActiveCfg = Debug|Any CPU
		{620FD58F-3881-4230-9725-92FB9AC64A12}.Debug|x64.Build.0 = Debug|Any CPU
		{620FD58F-3881-4230-9725-92FB9AC64A12}.Debug|x86.ActiveCfg = Debug|Any CPU
		{620FD58F-3881-4230-9725-92FB9AC64A12}.Debug|x86.Build.0 = Debug|Any CPU
		{620FD58F-3881-4230-9725-92FB9AC64A12}.Release|Any CPU.ActiveCfg = Release|Any CPU
		{620FD58F-3881-4230-9725-92FB9AC64A12}.Release|Any CPU.Build.0 = Release|Any CPU
		{620FD58F-3881-4230-9725-92FB9AC64A12}.Release|x64.ActiveCfg = Release|Any CPU
		{620FD58F-3881-4230-9725-92FB9AC64A12}.Release|x64.Build.0 = Release|Any CPU
		{620FD58F-3881-4230-9725-92FB9AC64A12}.Release|x86.ActiveCfg = Release|Any CPU
		{620FD58F-3881-4230-9725-92FB9AC64A12}.Release|x86.Build.0 = Release|Any CPU
		{7611E04E-2B09-49C5-BBE0-DFD607716997}.Debug|Any CPU.ActiveCfg = Debug|Any CPU
		{7611E04E-2B09-49C5-BBE0-DFD607716997}.Debug|Any CPU.Build.0 = Debug|Any CPU
		{7611E04E-2B09-49C5-BBE0-DFD607716997}.Debug|x64.ActiveCfg = Debug|Any CPU
		{7611E04E-2B09-49C5-BBE0-DFD607716997}.Debug|x64.Build.0 = Debug|Any CPU
		{7611E04E-2B09-49C5-BBE0-DFD607716997}.Debug|x86.ActiveCfg = Debug|Any CPU
		{7611E04E-2B09-49C5-BBE0-DFD607716997}.Debug|x86.Build.0 = Debug|Any CPU
		{7611E04E-2B09-49C5-BBE0-DFD607716997}.Release|Any CPU.ActiveCfg = Release|Any CPU
		{7611E04E-2B09-49C5-BBE0-DFD607716997}.Release|Any CPU.Build.0 = Release|Any CPU
		{7611E04E-2B09-49C5-BBE0-DFD607716997}.Release|x64.ActiveCfg = Release|Any CPU
		{7611E04E-2B09-49C5-BBE0-DFD607716997}.Release|x64.Build.0 = Release|Any CPU
		{7611E04E-2B09-49C5-BBE0-DFD607716997}.Release|x86.ActiveCfg = Release|Any CPU
		{7611E04E-2B09-49C5-BBE0-DFD607716997}.Release|x86.Build.0 = Release|Any CPU
		{BB4E39B5-FBF4-47D6-A83D-F52BA83C9B92}.Debug|Any CPU.ActiveCfg = Debug|Any CPU
		{BB4E39B5-FBF4-47D6-A83D-F52BA83C9B92}.Debug|Any CPU.Build.0 = Debug|Any CPU
		{BB4E39B5-FBF4-47D6-A83D-F52BA83C9B92}.Debug|x64.ActiveCfg = Debug|Any CPU
		{BB4E39B5-FBF4-47D6-A83D-F52BA83C9B92}.Debug|x64.Build.0 = Debug|Any CPU
		{BB4E39B5-FBF4-47D6-A83D-F52BA83C9B92}.Debug|x86.ActiveCfg = Debug|Any CPU
		{BB4E39B5-FBF4-47D6-A83D-F52BA83C9B92}.Debug|x86.Build.0 = Debug|Any CPU
		{BB4E39B5-FBF4-47D6-A83D-F52BA83C9B92}.Release|Any CPU.ActiveCfg = Release|Any CPU
		{BB4E39B5-FBF4-47D6-A83D-F52BA83C9B92}.Release|Any CPU.Build.0 = Release|Any CPU
		{BB4E39B5-FBF4-47D6-A83D-F52BA83C9B92}.Release|x64.ActiveCfg = Release|Any CPU
		{BB4E39B5-FBF4-47D6-A83D-F52BA83C9B92}.Release|x64.Build.0 = Release|Any CPU
		{BB4E39B5-FBF4-47D6-A83D-F52BA83C9B92}.Release|x86.ActiveCfg = Release|Any CPU
		{BB4E39B5-FBF4-47D6-A83D-F52BA83C9B92}.Release|x86.Build.0 = Release|Any CPU
		{447378A9-2FF0-4F5B-A246-F33A7D7539DE}.Debug|Any CPU.ActiveCfg = Debug|Any CPU
		{447378A9-2FF0-4F5B-A246-F33A7D7539DE}.Debug|Any CPU.Build.0 = Debug|Any CPU
		{447378A9-2FF0-4F5B-A246-F33A7D7539DE}.Debug|x64.ActiveCfg = Debug|Any CPU
		{447378A9-2FF0-4F5B-A246-F33A7D7539DE}.Debug|x64.Build.0 = Debug|Any CPU
		{447378A9-2FF0-4F5B-A246-F33A7D7539DE}.Debug|x86.ActiveCfg = Debug|Any CPU
		{447378A9-2FF0-4F5B-A246-F33A7D7539DE}.Debug|x86.Build.0 = Debug|Any CPU
		{447378A9-2FF0-4F5B-A246-F33A7D7539DE}.Release|Any CPU.ActiveCfg = Release|Any CPU
		{447378A9-2FF0-4F5B-A246-F33A7D7539DE}.Release|Any CPU.Build.0 = Release|Any CPU
		{447378A9-2FF0-4F5B-A246-F33A7D7539DE}.Release|x64.ActiveCfg = Release|Any CPU
		{447378A9-2FF0-4F5B-A246-F33A7D7539DE}.Release|x64.Build.0 = Release|Any CPU
		{447378A9-2FF0-4F5B-A246-F33A7D7539DE}.Release|x86.ActiveCfg = Release|Any CPU
		{447378A9-2FF0-4F5B-A246-F33A7D7539DE}.Release|x86.Build.0 = Release|Any CPU
		{5CF8AD25-4F33-4B58-8B09-09F004065FCF}.Debug|Any CPU.ActiveCfg = Debug|Any CPU
		{5CF8AD25-4F33-4B58-8B09-09F004065FCF}.Debug|Any CPU.Build.0 = Debug|Any CPU
		{5CF8AD25-4F33-4B58-8B09-09F004065FCF}.Debug|x64.ActiveCfg = Debug|Any CPU
		{5CF8AD25-4F33-4B58-8B09-09F004065FCF}.Debug|x64.Build.0 = Debug|Any CPU
		{5CF8AD25-4F33-4B58-8B09-09F004065FCF}.Debug|x86.ActiveCfg = Debug|Any CPU
		{5CF8AD25-4F33-4B58-8B09-09F004065FCF}.Debug|x86.Build.0 = Debug|Any CPU
		{5CF8AD25-4F33-4B58-8B09-09F004065FCF}.Release|Any CPU.ActiveCfg = Release|Any CPU
		{5CF8AD25-4F33-4B58-8B09-09F004065FCF}.Release|Any CPU.Build.0 = Release|Any CPU
		{5CF8AD25-4F33-4B58-8B09-09F004065FCF}.Release|x64.ActiveCfg = Release|Any CPU
		{5CF8AD25-4F33-4B58-8B09-09F004065FCF}.Release|x64.Build.0 = Release|Any CPU
		{5CF8AD25-4F33-4B58-8B09-09F004065FCF}.Release|x86.ActiveCfg = Release|Any CPU
		{5CF8AD25-4F33-4B58-8B09-09F004065FCF}.Release|x86.Build.0 = Release|Any CPU
		{18A1E423-40BF-4815-8BC8-A98C4C8F69E3}.Debug|Any CPU.ActiveCfg = Debug|Any CPU
		{18A1E423-40BF-4815-8BC8-A98C4C8F69E3}.Debug|Any CPU.Build.0 = Debug|Any CPU
		{18A1E423-40BF-4815-8BC8-A98C4C8F69E3}.Debug|x64.ActiveCfg = Debug|Any CPU
		{18A1E423-40BF-4815-8BC8-A98C4C8F69E3}.Debug|x64.Build.0 = Debug|Any CPU
		{18A1E423-40BF-4815-8BC8-A98C4C8F69E3}.Debug|x86.ActiveCfg = Debug|Any CPU
		{18A1E423-40BF-4815-8BC8-A98C4C8F69E3}.Debug|x86.Build.0 = Debug|Any CPU
		{18A1E423-40BF-4815-8BC8-A98C4C8F69E3}.Release|Any CPU.ActiveCfg = Release|Any CPU
		{18A1E423-40BF-4815-8BC8-A98C4C8F69E3}.Release|Any CPU.Build.0 = Release|Any CPU
		{18A1E423-40BF-4815-8BC8-A98C4C8F69E3}.Release|x64.ActiveCfg = Release|Any CPU
		{18A1E423-40BF-4815-8BC8-A98C4C8F69E3}.Release|x64.Build.0 = Release|Any CPU
		{18A1E423-40BF-4815-8BC8-A98C4C8F69E3}.Release|x86.ActiveCfg = Release|Any CPU
		{18A1E423-40BF-4815-8BC8-A98C4C8F69E3}.Release|x86.Build.0 = Release|Any CPU
		{62E7CFCC-EE5C-4033-90BE-443218E169A6}.Debug|Any CPU.ActiveCfg = Debug|Any CPU
		{62E7CFCC-EE5C-4033-90BE-443218E169A6}.Debug|Any CPU.Build.0 = Debug|Any CPU
		{62E7CFCC-EE5C-4033-90BE-443218E169A6}.Debug|x64.ActiveCfg = Debug|Any CPU
		{62E7CFCC-EE5C-4033-90BE-443218E169A6}.Debug|x64.Build.0 = Debug|Any CPU
		{62E7CFCC-EE5C-4033-90BE-443218E169A6}.Debug|x86.ActiveCfg = Debug|Any CPU
		{62E7CFCC-EE5C-4033-90BE-443218E169A6}.Debug|x86.Build.0 = Debug|Any CPU
		{62E7CFCC-EE5C-4033-90BE-443218E169A6}.Release|Any CPU.ActiveCfg = Release|Any CPU
		{62E7CFCC-EE5C-4033-90BE-443218E169A6}.Release|Any CPU.Build.0 = Release|Any CPU
		{62E7CFCC-EE5C-4033-90BE-443218E169A6}.Release|x64.ActiveCfg = Release|Any CPU
		{62E7CFCC-EE5C-4033-90BE-443218E169A6}.Release|x64.Build.0 = Release|Any CPU
		{62E7CFCC-EE5C-4033-90BE-443218E169A6}.Release|x86.ActiveCfg = Release|Any CPU
		{62E7CFCC-EE5C-4033-90BE-443218E169A6}.Release|x86.Build.0 = Release|Any CPU
		{1A848537-3EC2-49FA-B8D1-1E4BFD28FDC0}.Debug|Any CPU.ActiveCfg = Debug|Any CPU
		{1A848537-3EC2-49FA-B8D1-1E4BFD28FDC0}.Debug|Any CPU.Build.0 = Debug|Any CPU
		{1A848537-3EC2-49FA-B8D1-1E4BFD28FDC0}.Debug|x64.ActiveCfg = Debug|Any CPU
		{1A848537-3EC2-49FA-B8D1-1E4BFD28FDC0}.Debug|x64.Build.0 = Debug|Any CPU
		{1A848537-3EC2-49FA-B8D1-1E4BFD28FDC0}.Debug|x86.ActiveCfg = Debug|Any CPU
		{1A848537-3EC2-49FA-B8D1-1E4BFD28FDC0}.Debug|x86.Build.0 = Debug|Any CPU
		{1A848537-3EC2-49FA-B8D1-1E4BFD28FDC0}.Release|Any CPU.ActiveCfg = Release|Any CPU
		{1A848537-3EC2-49FA-B8D1-1E4BFD28FDC0}.Release|Any CPU.Build.0 = Release|Any CPU
		{1A848537-3EC2-49FA-B8D1-1E4BFD28FDC0}.Release|x64.ActiveCfg = Release|Any CPU
		{1A848537-3EC2-49FA-B8D1-1E4BFD28FDC0}.Release|x64.Build.0 = Release|Any CPU
		{1A848537-3EC2-49FA-B8D1-1E4BFD28FDC0}.Release|x86.ActiveCfg = Release|Any CPU
		{1A848537-3EC2-49FA-B8D1-1E4BFD28FDC0}.Release|x86.Build.0 = Release|Any CPU
		{8ECC017E-1057-4EE1-8C85-95E04E1C06B6}.Debug|Any CPU.ActiveCfg = Debug|Any CPU
		{8ECC017E-1057-4EE1-8C85-95E04E1C06B6}.Debug|Any CPU.Build.0 = Debug|Any CPU
		{8ECC017E-1057-4EE1-8C85-95E04E1C06B6}.Debug|x64.ActiveCfg = Debug|Any CPU
		{8ECC017E-1057-4EE1-8C85-95E04E1C06B6}.Debug|x64.Build.0 = Debug|Any CPU
		{8ECC017E-1057-4EE1-8C85-95E04E1C06B6}.Debug|x86.ActiveCfg = Debug|Any CPU
		{8ECC017E-1057-4EE1-8C85-95E04E1C06B6}.Debug|x86.Build.0 = Debug|Any CPU
		{8ECC017E-1057-4EE1-8C85-95E04E1C06B6}.Release|Any CPU.ActiveCfg = Release|Any CPU
		{8ECC017E-1057-4EE1-8C85-95E04E1C06B6}.Release|Any CPU.Build.0 = Release|Any CPU
		{8ECC017E-1057-4EE1-8C85-95E04E1C06B6}.Release|x64.ActiveCfg = Release|Any CPU
		{8ECC017E-1057-4EE1-8C85-95E04E1C06B6}.Release|x64.Build.0 = Release|Any CPU
		{8ECC017E-1057-4EE1-8C85-95E04E1C06B6}.Release|x86.ActiveCfg = Release|Any CPU
		{8ECC017E-1057-4EE1-8C85-95E04E1C06B6}.Release|x86.Build.0 = Release|Any CPU
		{41594862-3AD4-4B27-99C7-F5C0913C78B5}.Debug|Any CPU.ActiveCfg = Debug|Any CPU
		{41594862-3AD4-4B27-99C7-F5C0913C78B5}.Debug|Any CPU.Build.0 = Debug|Any CPU
		{41594862-3AD4-4B27-99C7-F5C0913C78B5}.Debug|x64.ActiveCfg = Debug|Any CPU
		{41594862-3AD4-4B27-99C7-F5C0913C78B5}.Debug|x64.Build.0 = Debug|Any CPU
		{41594862-3AD4-4B27-99C7-F5C0913C78B5}.Debug|x86.ActiveCfg = Debug|Any CPU
		{41594862-3AD4-4B27-99C7-F5C0913C78B5}.Debug|x86.Build.0 = Debug|Any CPU
		{41594862-3AD4-4B27-99C7-F5C0913C78B5}.Release|Any CPU.ActiveCfg = Release|Any CPU
		{41594862-3AD4-4B27-99C7-F5C0913C78B5}.Release|Any CPU.Build.0 = Release|Any CPU
		{41594862-3AD4-4B27-99C7-F5C0913C78B5}.Release|x64.ActiveCfg = Release|Any CPU
		{41594862-3AD4-4B27-99C7-F5C0913C78B5}.Release|x64.Build.0 = Release|Any CPU
		{41594862-3AD4-4B27-99C7-F5C0913C78B5}.Release|x86.ActiveCfg = Release|Any CPU
		{41594862-3AD4-4B27-99C7-F5C0913C78B5}.Release|x86.Build.0 = Release|Any CPU
	EndGlobalSection
	GlobalSection(SolutionProperties) = preSolution
		HideSolutionNode = FALSE
	EndGlobalSection
	GlobalSection(NestedProjects) = preSolution
		{B862D875-1934-4E2F-A55B-77F5B563ABDE} = {02EA681E-C7D8-13C7-8484-4AC65E1B71E8}
		{81410D90-FB80-162B-FBFF-56182C1096A0} = {B862D875-1934-4E2F-A55B-77F5B563ABDE}
		{55F7E625-3B20-41CA-85DE-4A0D85B58BC6} = {02EA681E-C7D8-13C7-8484-4AC65E1B71E8}
		{9EA7DE47-AFCD-AC3C-C0DF-6C8DC0AEC897} = {55F7E625-3B20-41CA-85DE-4A0D85B58BC6}
		{D22C0F29-8689-448A-A8FA-71F1D39244DF} = {5F623EC0-280C-4362-AB1C-F3015258B71E}
		{80A559A6-433C-4F7B-9B3B-7268D4CC9DA4} = {5F623EC0-280C-4362-AB1C-F3015258B71E}
		{A360A8C3-6932-80FF-5983-C6C65B6649BB} = {D22C0F29-8689-448A-A8FA-71F1D39244DF}
		{B69C036E-E1A2-3F7D-F5C4-86AD8B7BFF87} = {80A559A6-433C-4F7B-9B3B-7268D4CC9DA4}
		{E48E7BF6-CD5C-4E31-95B1-AE8E7C927B76} = {A74711AB-8D2C-4E80-911D-36C5B917C03E}
		{A74711AB-8D2C-4E80-911D-36C5B917C03E} = {5F623EC0-280C-4362-AB1C-F3015258B71E}
		{5634776F-28D5-44A1-B088-184424631E2F} = {1F14E210-74B6-4DFC-99D2-03885DDB582B}
		{1F14E210-74B6-4DFC-99D2-03885DDB582B} = {5F623EC0-280C-4362-AB1C-F3015258B71E}
		{C6107B27-9A85-49D4-8C3C-3387BAAF0061} = {91A2FEFC-342A-45C8-A9A7-01A93A593A31}
		{91A2FEFC-342A-45C8-A9A7-01A93A593A31} = {5F623EC0-280C-4362-AB1C-F3015258B71E}
		{F55DCBC3-F701-41EC-885E-425E52CDF30D} = {7A9D0ADA-82C2-4E0A-B915-7584ACBDD1C9}
		{7A9D0ADA-82C2-4E0A-B915-7584ACBDD1C9} = {5F623EC0-280C-4362-AB1C-F3015258B71E}
		{1EB7A87E-0568-4608-8426-19D5D44472CF} = {71C8E0D5-D5B9-4048-BB48-7FBB88DF4BA0}
		{71C8E0D5-D5B9-4048-BB48-7FBB88DF4BA0} = {5F623EC0-280C-4362-AB1C-F3015258B71E}
		{17729A7C-AAB2-4F96-9755-14AC4AD9B0FF} = {36EBEE89-650C-4A91-8F1E-09D2FF06FE94}
		{FC930D6C-1A59-4111-A5EE-E01195C8E1A9} = {80A559A6-433C-4F7B-9B3B-7268D4CC9DA4}
		{32A814DC-DB83-4FAF-0ECC-C6F3180B2B69} = {80A559A6-433C-4F7B-9B3B-7268D4CC9DA4}
		{E996C11E-9B33-4B35-BB8F-B6CD586B92D7} = {80A559A6-433C-4F7B-9B3B-7268D4CC9DA4}
		{A3E8467C-0497-43BB-BFD2-77D101771361} = {A74711AB-8D2C-4E80-911D-36C5B917C03E}
		{901651D0-19ED-4B1E-A572-1054F85CD2D7} = {A74711AB-8D2C-4E80-911D-36C5B917C03E}
		{620FD58F-3881-4230-9725-92FB9AC64A12} = {A74711AB-8D2C-4E80-911D-36C5B917C03E}
		{7611E04E-2B09-49C5-BBE0-DFD607716997} = {1F14E210-74B6-4DFC-99D2-03885DDB582B}
		{BB4E39B5-FBF4-47D6-A83D-F52BA83C9B92} = {1F14E210-74B6-4DFC-99D2-03885DDB582B}
		{447378A9-2FF0-4F5B-A246-F33A7D7539DE} = {1F14E210-74B6-4DFC-99D2-03885DDB582B}
		{5CF8AD25-4F33-4B58-8B09-09F004065FCF} = {91A2FEFC-342A-45C8-A9A7-01A93A593A31}
		{18A1E423-40BF-4815-8BC8-A98C4C8F69E3} = {91A2FEFC-342A-45C8-A9A7-01A93A593A31}
		{62E7CFCC-EE5C-4033-90BE-443218E169A6} = {91A2FEFC-342A-45C8-A9A7-01A93A593A31}
		{739547D2-8ABA-4C3D-BDB1-9EAF0B32BD5C} = {1F0BD979-C823-4749-AF15-67C5D5FB70E5}
		{68EBA166-851A-4B49-A207-B21853C49100} = {13DF1B71-60F8-4B19-A5AE-1C3DF5D8198D}
		{1A848537-3EC2-49FA-B8D1-1E4BFD28FDC0} = {D22C0F29-8689-448A-A8FA-71F1D39244DF}
		{8ECC017E-1057-4EE1-8C85-95E04E1C06B6} = {D22C0F29-8689-448A-A8FA-71F1D39244DF}
		{41594862-3AD4-4B27-99C7-F5C0913C78B5} = {D22C0F29-8689-448A-A8FA-71F1D39244DF}
	EndGlobalSection
	GlobalSection(ExtensibilityGlobals) = postSolution
		SolutionGuid = {685BF8AF-228B-44FD-B67E-468DCB511806}
	EndGlobalSection
EndGlobal
