
Microsoft Visual Studio Solution File, Format Version 12.00
# Visual Studio Version 17
VisualStudioVersion = 17.14.37314.3
MinimumVisualStudioVersion = 10.0.40219.1
Project("{2150E333-8FDC-42A3-9474-1A3956D46DE8}") = "Solution Items", "Solution Items", "{8EC462FD-D22E-90A8-E5CE-7E832BA40C5D}"
	ProjectSection(SolutionItems) = preProject
		.editorconfig = .editorconfig
		.gitignore = .gitignore
		Directory.Build.props = Directory.Build.props
		LICENSE = LICENSE
	EndProjectSection
EndProject
Project("{2150E333-8FDC-42A3-9474-1A3956D46DE8}") = "building-blocks", "building-blocks", "{02EA681E-C7D8-13C7-8484-4AC65E1B71E8}"
EndProject
Project("{2150E333-8FDC-42A3-9474-1A3956D46DE8}") = "BuildingBlocks.Domain", "BuildingBlocks.Domain", "{B862D875-1934-4E2F-A55B-77F5B563ABDE}"
EndProject
Project("{FAE04EC0-301F-11D3-BF4B-00C04F79EFBC}") = "BuildingBlocks.Domain", "building-blocks\BuildingBlocks.Domain\BuildingBlocks.Domain.csproj", "{81410D90-FB80-162B-FBFF-56182C1096A0}"
EndProject
Project("{2150E333-8FDC-42A3-9474-1A3956D46DE8}") = "BuildingBlocks.Infrastructure", "BuildingBlocks.Infrastructure", "{55F7E625-3B20-41CA-85DE-4A0D85B58BC6}"
EndProject
Project("{FAE04EC0-301F-11D3-BF4B-00C04F79EFBC}") = "BuildingBlocks.Infrastructure", "building-blocks\BuildingBlocks.Infrastructure\BuildingBlocks.Infrastructure.csproj", "{9EA7DE47-AFCD-AC3C-C0DF-6C8DC0AEC897}"
EndProject
Project("{2150E333-8FDC-42A3-9474-1A3956D46DE8}") = "modules", "modules", "{5F623EC0-280C-4362-AB1C-F3015258B71E}"
EndProject
Project("{2150E333-8FDC-42A3-9474-1A3956D46DE8}") = "Homes", "Homes", "{D22C0F29-8689-448A-A8FA-71F1D39244DF}"
EndProject
Project("{2150E333-8FDC-42A3-9474-1A3956D46DE8}") = "Identity", "Identity", "{80A559A6-433C-4F7B-9B3B-7268D4CC9DA4}"
EndProject
Project("{FAE04EC0-301F-11D3-BF4B-00C04F79EFBC}") = "Homes.Domain", "modules\Homes\Homes.Domain\Homes.Domain.csproj", "{A360A8C3-6932-80FF-5983-C6C65B6649BB}"
EndProject
Project("{FAE04EC0-301F-11D3-BF4B-00C04F79EFBC}") = "Identity.Domain", "modules\Identity\Identity.Domain\Identity.Domain.csproj", "{B69C036E-E1A2-3F7D-F5C4-86AD8B7BFF87}"
EndProject
Project("{FAE04EC0-301F-11D3-BF4B-00C04F79EFBC}") = "Devices.Domain", "modules\Devices\Devices.Domain\Devices.Domain.csproj", "{E48E7BF6-CD5C-4E31-95B1-AE8E7C927B76}"
EndProject
Project("{2150E333-8FDC-42A3-9474-1A3956D46DE8}") = "Devices", "Devices", "{A74711AB-8D2C-4E80-911D-36C5B917C03E}"
EndProject
Project("{FAE04EC0-301F-11D3-BF4B-00C04F79EFBC}") = "SmartLocks.Domain", "modules\Smartlocks\SmartLocks.Domain\SmartLocks.Domain.csproj", "{5634776F-28D5-44A1-B088-184424631E2F}"
EndProject
Project("{2150E333-8FDC-42A3-9474-1A3956D46DE8}") = "SmartLocks", "SmartLocks", "{1F14E210-74B6-4DFC-99D2-03885DDB582B}"
EndProject
Project("{FAE04EC0-301F-11D3-BF4B-00C04F79EFBC}") = "AuditLogs.Domain", "modules\AuditLogs\AuditLogs.Domain\AuditLogs.Domain.csproj", "{C6107B27-9A85-49D4-8C3C-3387BAAF0061}"
EndProject
Project("{2150E333-8FDC-42A3-9474-1A3956D46DE8}") = "AuditLogs", "AuditLogs", "{91A2FEFC-342A-45C8-A9A7-01A93A593A31}"
EndProject
Project("{FAE04EC0-301F-11D3-BF4B-00C04F79EFBC}") = "FaceVerification.Domain", "modules\FaceVerification\FaceVerification.Domain\FaceVerification.Domain.csproj", "{F55DCBC3-F701-41EC-885E-425E52CDF30D}"
EndProject
Project("{2150E333-8FDC-42A3-9474-1A3956D46DE8}") = "FaceVerification", "FaceVerification", "{7A9D0ADA-82C2-4E0A-B915-7584ACBDD1C9}"
EndProject
Project("{FAE04EC0-301F-11D3-BF4B-00C04F79EFBC}") = "Authorization.Domain", "modules\Authorization\Authorization.Domain\Authorization.Domain.csproj", "{1EB7A87E-0568-4608-8426-19D5D44472CF}"
EndProject
Project("{2150E333-8FDC-42A3-9474-1A3956D46DE8}") = "Authorization", "Authorization", "{71C8E0D5-D5B9-4048-BB48-7FBB88DF4BA0}"
EndProject
Project("{FAE04EC0-301F-11D3-BF4B-00C04F79EFBC}") = "ApiHost", "api-host\ApiHost\ApiHost.csproj", "{17729A7C-AAB2-4F96-9755-14AC4AD9B0FF}"
EndProject
Project("{2150E333-8FDC-42A3-9474-1A3956D46DE8}") = "api-host", "api-host", "{36EBEE89-650C-4A91-8F1E-09D2FF06FE94}"
EndProject
Global
	GlobalSection(SolutionConfigurationPlatforms) = preSolution
		Debug|Any CPU = Debug|Any CPU
		Release|Any CPU = Release|Any CPU
	EndGlobalSection
	GlobalSection(ProjectConfigurationPlatforms) = postSolution
		{81410D90-FB80-162B-FBFF-56182C1096A0}.Debug|Any CPU.ActiveCfg = Debug|Any CPU
		{81410D90-FB80-162B-FBFF-56182C1096A0}.Debug|Any CPU.Build.0 = Debug|Any CPU
		{81410D90-FB80-162B-FBFF-56182C1096A0}.Release|Any CPU.ActiveCfg = Release|Any CPU
		{81410D90-FB80-162B-FBFF-56182C1096A0}.Release|Any CPU.Build.0 = Release|Any CPU
		{9EA7DE47-AFCD-AC3C-C0DF-6C8DC0AEC897}.Debug|Any CPU.ActiveCfg = Debug|Any CPU
		{9EA7DE47-AFCD-AC3C-C0DF-6C8DC0AEC897}.Debug|Any CPU.Build.0 = Debug|Any CPU
		{9EA7DE47-AFCD-AC3C-C0DF-6C8DC0AEC897}.Release|Any CPU.ActiveCfg = Release|Any CPU
		{9EA7DE47-AFCD-AC3C-C0DF-6C8DC0AEC897}.Release|Any CPU.Build.0 = Release|Any CPU
		{A360A8C3-6932-80FF-5983-C6C65B6649BB}.Debug|Any CPU.ActiveCfg = Debug|Any CPU
		{A360A8C3-6932-80FF-5983-C6C65B6649BB}.Debug|Any CPU.Build.0 = Debug|Any CPU
		{A360A8C3-6932-80FF-5983-C6C65B6649BB}.Release|Any CPU.ActiveCfg = Release|Any CPU
		{A360A8C3-6932-80FF-5983-C6C65B6649BB}.Release|Any CPU.Build.0 = Release|Any CPU
		{B69C036E-E1A2-3F7D-F5C4-86AD8B7BFF87}.Debug|Any CPU.ActiveCfg = Debug|Any CPU
		{B69C036E-E1A2-3F7D-F5C4-86AD8B7BFF87}.Debug|Any CPU.Build.0 = Debug|Any CPU
		{B69C036E-E1A2-3F7D-F5C4-86AD8B7BFF87}.Release|Any CPU.ActiveCfg = Release|Any CPU
		{B69C036E-E1A2-3F7D-F5C4-86AD8B7BFF87}.Release|Any CPU.Build.0 = Release|Any CPU
		{E48E7BF6-CD5C-4E31-95B1-AE8E7C927B76}.Debug|Any CPU.ActiveCfg = Debug|Any CPU
		{E48E7BF6-CD5C-4E31-95B1-AE8E7C927B76}.Debug|Any CPU.Build.0 = Debug|Any CPU
		{E48E7BF6-CD5C-4E31-95B1-AE8E7C927B76}.Release|Any CPU.ActiveCfg = Release|Any CPU
		{E48E7BF6-CD5C-4E31-95B1-AE8E7C927B76}.Release|Any CPU.Build.0 = Release|Any CPU
		{5634776F-28D5-44A1-B088-184424631E2F}.Debug|Any CPU.ActiveCfg = Debug|Any CPU
		{5634776F-28D5-44A1-B088-184424631E2F}.Debug|Any CPU.Build.0 = Debug|Any CPU
		{5634776F-28D5-44A1-B088-184424631E2F}.Release|Any CPU.ActiveCfg = Release|Any CPU
		{5634776F-28D5-44A1-B088-184424631E2F}.Release|Any CPU.Build.0 = Release|Any CPU
		{C6107B27-9A85-49D4-8C3C-3387BAAF0061}.Debug|Any CPU.ActiveCfg = Debug|Any CPU
		{C6107B27-9A85-49D4-8C3C-3387BAAF0061}.Debug|Any CPU.Build.0 = Debug|Any CPU
		{C6107B27-9A85-49D4-8C3C-3387BAAF0061}.Release|Any CPU.ActiveCfg = Release|Any CPU
		{C6107B27-9A85-49D4-8C3C-3387BAAF0061}.Release|Any CPU.Build.0 = Release|Any CPU
		{F55DCBC3-F701-41EC-885E-425E52CDF30D}.Debug|Any CPU.ActiveCfg = Debug|Any CPU
		{F55DCBC3-F701-41EC-885E-425E52CDF30D}.Debug|Any CPU.Build.0 = Debug|Any CPU
		{F55DCBC3-F701-41EC-885E-425E52CDF30D}.Release|Any CPU.ActiveCfg = Release|Any CPU
		{F55DCBC3-F701-41EC-885E-425E52CDF30D}.Release|Any CPU.Build.0 = Release|Any CPU
		{1EB7A87E-0568-4608-8426-19D5D44472CF}.Debug|Any CPU.ActiveCfg = Debug|Any CPU
		{1EB7A87E-0568-4608-8426-19D5D44472CF}.Debug|Any CPU.Build.0 = Debug|Any CPU
		{1EB7A87E-0568-4608-8426-19D5D44472CF}.Release|Any CPU.ActiveCfg = Release|Any CPU
		{1EB7A87E-0568-4608-8426-19D5D44472CF}.Release|Any CPU.Build.0 = Release|Any CPU
		{17729A7C-AAB2-4F96-9755-14AC4AD9B0FF}.Debug|Any CPU.ActiveCfg = Debug|Any CPU
		{17729A7C-AAB2-4F96-9755-14AC4AD9B0FF}.Debug|Any CPU.Build.0 = Debug|Any CPU
		{17729A7C-AAB2-4F96-9755-14AC4AD9B0FF}.Release|Any CPU.ActiveCfg = Release|Any CPU
		{17729A7C-AAB2-4F96-9755-14AC4AD9B0FF}.Release|Any CPU.Build.0 = Release|Any CPU
	EndGlobalSection
	GlobalSection(SolutionProperties) = preSolution
		HideSolutionNode = FALSE
	EndGlobalSection
	GlobalSection(NestedProjects) = preSolution
		{B862D875-1934-4E2F-A55B-77F5B563ABDE} = {02EA681E-C7D8-13C7-8484-4AC65E1B71E8}
		{81410D90-FB80-162B-FBFF-56182C1096A0} = {B862D875-1934-4E2F-A55B-77F5B563ABDE}
		{55F7E625-3B20-41CA-85DE-4A0D85B58BC6} = {02EA681E-C7D8-13C7-8484-4AC65E1B71E8}
		{9EA7DE47-AFCD-AC3C-C0DF-6C8DC0AEC897} = {55F7E625-3B20-41CA-85DE-4A0D85B58BC6}
		{D22C0F29-8689-448A-A8FA-71F1D39244DF} = {5F623EC0-280C-4362-AB1C-F3015258B71E}
		{80A559A6-433C-4F7B-9B3B-7268D4CC9DA4} = {5F623EC0-280C-4362-AB1C-F3015258B71E}
		{A360A8C3-6932-80FF-5983-C6C65B6649BB} = {D22C0F29-8689-448A-A8FA-71F1D39244DF}
		{B69C036E-E1A2-3F7D-F5C4-86AD8B7BFF87} = {80A559A6-433C-4F7B-9B3B-7268D4CC9DA4}
		{E48E7BF6-CD5C-4E31-95B1-AE8E7C927B76} = {A74711AB-8D2C-4E80-911D-36C5B917C03E}
		{A74711AB-8D2C-4E80-911D-36C5B917C03E} = {5F623EC0-280C-4362-AB1C-F3015258B71E}
		{5634776F-28D5-44A1-B088-184424631E2F} = {1F14E210-74B6-4DFC-99D2-03885DDB582B}
		{1F14E210-74B6-4DFC-99D2-03885DDB582B} = {5F623EC0-280C-4362-AB1C-F3015258B71E}
		{C6107B27-9A85-49D4-8C3C-3387BAAF0061} = {91A2FEFC-342A-45C8-A9A7-01A93A593A31}
		{91A2FEFC-342A-45C8-A9A7-01A93A593A31} = {5F623EC0-280C-4362-AB1C-F3015258B71E}
		{F55DCBC3-F701-41EC-885E-425E52CDF30D} = {7A9D0ADA-82C2-4E0A-B915-7584ACBDD1C9}
		{7A9D0ADA-82C2-4E0A-B915-7584ACBDD1C9} = {5F623EC0-280C-4362-AB1C-F3015258B71E}
		{1EB7A87E-0568-4608-8426-19D5D44472CF} = {71C8E0D5-D5B9-4048-BB48-7FBB88DF4BA0}
		{71C8E0D5-D5B9-4048-BB48-7FBB88DF4BA0} = {5F623EC0-280C-4362-AB1C-F3015258B71E}
		{17729A7C-AAB2-4F96-9755-14AC4AD9B0FF} = {36EBEE89-650C-4A91-8F1E-09D2FF06FE94}
	EndGlobalSection
	GlobalSection(ExtensibilityGlobals) = postSolution
		SolutionGuid = {685BF8AF-228B-44FD-B67E-468DCB511806}
	EndGlobalSection
EndGlobal
